// !$*UTF8*$!
{
	archiveVersion = 1;
	classes = {
	};
	objectVersion = 55;
	objects = {

/* Begin PBXBuildFile section */
		51BA23BB288F70F600888BDA /* MyMoviesTests.swift in Sources */ = {isa = PBXBuildFile; fileRef = 51BA23BA288F70F600888BDA /* MyMoviesTests.swift */; };
		51BA23C1288F710400888BDA /* MovieListViewModelTests.swift in Sources */ = {isa = PBXBuildFile; fileRef = 5195160D288F6A9900C4D9F1 /* MovieListViewModelTests.swift */; };
		51BA23C3288F761100888BDA /* MockMovieManager.swift in Sources */ = {isa = PBXBuildFile; fileRef = 51BA23C2288F761100888BDA /* MockMovieManager.swift */; };
		5DEC8A016DA5C1791ECC548A /* Pods_MyMovies.framework in Frameworks */ = {isa = PBXBuildFile; fileRef = D0EA03D0641BE7A92AE144DB /* Pods_MyMovies.framework */; };
		DF1C64C6285140C700E51994 /* MovieData.swift in Sources */ = {isa = PBXBuildFile; fileRef = DF1C64C5285140C700E51994 /* MovieData.swift */; };
		DF40899F284FF47C00D088B5 /* MovieCollectionViewCell.swift in Sources */ = {isa = PBXBuildFile; fileRef = DF40899E284FF47C00D088B5 /* MovieCollectionViewCell.swift */; };
		DF4089A828502D6100D088B5 /* MovieManager.swift in Sources */ = {isa = PBXBuildFile; fileRef = DF4089A728502D6100D088B5 /* MovieManager.swift */; };
		DF6370CD285AC9E900EE649F /* TabViewController.swift in Sources */ = {isa = PBXBuildFile; fileRef = DF6370CC285AC9E900EE649F /* TabViewController.swift */; };
		DF6370D1285ACA2B00EE649F /* FavoritesViewController.swift in Sources */ = {isa = PBXBuildFile; fileRef = DF6370D0285ACA2B00EE649F /* FavoritesViewController.swift */; };
		DF82207D28733E2800A1BFDC /* TrailerManager.swift in Sources */ = {isa = PBXBuildFile; fileRef = DF82207C28733E2800A1BFDC /* TrailerManager.swift */; };
		DF82207F28733FC600A1BFDC /* TrailerData.swift in Sources */ = {isa = PBXBuildFile; fileRef = DF82207E28733FC600A1BFDC /* TrailerData.swift */; };
		DF8CDEB0285A5A8D0006D6E6 /* MovieCollectionView.swift in Sources */ = {isa = PBXBuildFile; fileRef = DF8CDEAF285A5A8D0006D6E6 /* MovieCollectionView.swift */; };
		DF8CDEB9285A786C0006D6E6 /* LoadingReusableView.swift in Sources */ = {isa = PBXBuildFile; fileRef = DF8CDEB7285A786C0006D6E6 /* LoadingReusableView.swift */; };
		DF8CDEBA285A786C0006D6E6 /* LoadingReusableView.xib in Resources */ = {isa = PBXBuildFile; fileRef = DF8CDEB8285A786C0006D6E6 /* LoadingReusableView.xib */; };
		DF92D083288330C7004D5C16 /* GoogleService-Info.plist in Resources */ = {isa = PBXBuildFile; fileRef = DF92D082288330C7004D5C16 /* GoogleService-Info.plist */; };
		DF92D08728833D42004D5C16 /* WelcomeViewController.swift in Sources */ = {isa = PBXBuildFile; fileRef = DF92D08528833D42004D5C16 /* WelcomeViewController.swift */; };
		DF92D08828833D42004D5C16 /* WelcomeViewController.xib in Resources */ = {isa = PBXBuildFile; fileRef = DF92D08628833D42004D5C16 /* WelcomeViewController.xib */; };
		DF92D0902883426F004D5C16 /* RegisterViewController.swift in Sources */ = {isa = PBXBuildFile; fileRef = DF92D08E2883426F004D5C16 /* RegisterViewController.swift */; };
		DF92D0912883426F004D5C16 /* RegisterViewController.xib in Resources */ = {isa = PBXBuildFile; fileRef = DF92D08F2883426F004D5C16 /* RegisterViewController.xib */; };
		DF92D09528835509004D5C16 /* LoginViewController.swift in Sources */ = {isa = PBXBuildFile; fileRef = DF92D09328835509004D5C16 /* LoginViewController.swift */; };
		DF92D09628835509004D5C16 /* LoginViewController.xib in Resources */ = {isa = PBXBuildFile; fileRef = DF92D09428835509004D5C16 /* LoginViewController.xib */; };
		DFA8EE4D284AE453000E5A39 /* AppDelegate.swift in Sources */ = {isa = PBXBuildFile; fileRef = DFA8EE4C284AE453000E5A39 /* AppDelegate.swift */; };
		DFA8EE4F284AE453000E5A39 /* SceneDelegate.swift in Sources */ = {isa = PBXBuildFile; fileRef = DFA8EE4E284AE453000E5A39 /* SceneDelegate.swift */; };
		DFA8EE51284AE453000E5A39 /* MovieListViewController.swift in Sources */ = {isa = PBXBuildFile; fileRef = DFA8EE50284AE453000E5A39 /* MovieListViewController.swift */; };
		DFA8EE56284AE458000E5A39 /* Assets.xcassets in Resources */ = {isa = PBXBuildFile; fileRef = DFA8EE55284AE458000E5A39 /* Assets.xcassets */; };
		DFA8EE59284AE458000E5A39 /* LaunchScreen.storyboard in Resources */ = {isa = PBXBuildFile; fileRef = DFA8EE57284AE458000E5A39 /* LaunchScreen.storyboard */; };
		DFAD014E286CDB8800630C13 /* MovieDAO.swift in Sources */ = {isa = PBXBuildFile; fileRef = DFAD014D286CDB8800630C13 /* MovieDAO.swift */; };
		DFAD0150286E1F4A00630C13 /* StreamManager.swift in Sources */ = {isa = PBXBuildFile; fileRef = DFAD014F286E1F4A00630C13 /* StreamManager.swift */; };
		DFAD0152286E1F6400630C13 /* StreamData.swift in Sources */ = {isa = PBXBuildFile; fileRef = DFAD0151286E1F6400630C13 /* StreamData.swift */; };
		DFAD0154286E2DA700630C13 /* SelectedMovieViewController.swift in Sources */ = {isa = PBXBuildFile; fileRef = DFAD0153286E2DA700630C13 /* SelectedMovieViewController.swift */; };
		DFAD0156286E314100630C13 /* SelectedMovieView.swift in Sources */ = {isa = PBXBuildFile; fileRef = DFAD0155286E314100630C13 /* SelectedMovieView.swift */; };
		DFEBFE752864E07500ED07B4 /* TableViewCell.swift in Sources */ = {isa = PBXBuildFile; fileRef = DFEBFE742864E07500ED07B4 /* TableViewCell.swift */; };
		DFFF903A2874966100818508 /* MovieListViewModel.swift in Sources */ = {isa = PBXBuildFile; fileRef = DFFF90392874966100818508 /* MovieListViewModel.swift */; };
		DFFF904428749FA900818508 /* FavoriteMoviesViewModel.swift in Sources */ = {isa = PBXBuildFile; fileRef = DFFF904328749FA900818508 /* FavoriteMoviesViewModel.swift */; };
		DFFF90472874A6D600818508 /* SelectedMovieViewModel.swift in Sources */ = {isa = PBXBuildFile; fileRef = DFFF90462874A6D600818508 /* SelectedMovieViewModel.swift */; };
/* End PBXBuildFile section */

/* Begin PBXContainerItemProxy section */
		51BA23BC288F70F600888BDA /* PBXContainerItemProxy */ = {
			isa = PBXContainerItemProxy;
			containerPortal = DFA8EE41284AE453000E5A39 /* Project object */;
			proxyType = 1;
			remoteGlobalIDString = DFA8EE48284AE453000E5A39;
			remoteInfo = MyMovies;
		};
/* End PBXContainerItemProxy section */

/* Begin PBXFileReference section */
		5195160D288F6A9900C4D9F1 /* MovieListViewModelTests.swift */ = {isa = PBXFileReference; lastKnownFileType = sourcecode.swift; path = MovieListViewModelTests.swift; sourceTree = "<group>"; };
		51BA23B8288F70F600888BDA /* MyMoviesTests.xctest */ = {isa = PBXFileReference; explicitFileType = wrapper.cfbundle; includeInIndex = 0; path = MyMoviesTests.xctest; sourceTree = BUILT_PRODUCTS_DIR; };
		51BA23BA288F70F600888BDA /* MyMoviesTests.swift */ = {isa = PBXFileReference; lastKnownFileType = sourcecode.swift; path = MyMoviesTests.swift; sourceTree = "<group>"; };
		51BA23C2288F761100888BDA /* MockMovieManager.swift */ = {isa = PBXFileReference; lastKnownFileType = sourcecode.swift; path = MockMovieManager.swift; sourceTree = "<group>"; };
		770BEBB356423B7516A92329 /* Pods-MyMovies.debug.xcconfig */ = {isa = PBXFileReference; includeInIndex = 1; lastKnownFileType = text.xcconfig; name = "Pods-MyMovies.debug.xcconfig"; path = "Target Support Files/Pods-MyMovies/Pods-MyMovies.debug.xcconfig"; sourceTree = "<group>"; };
		99F0D191969BF204F0D9A0D7 /* Pods-MyMovies.release.xcconfig */ = {isa = PBXFileReference; includeInIndex = 1; lastKnownFileType = text.xcconfig; name = "Pods-MyMovies.release.xcconfig"; path = "Target Support Files/Pods-MyMovies/Pods-MyMovies.release.xcconfig"; sourceTree = "<group>"; };
		D0EA03D0641BE7A92AE144DB /* Pods_MyMovies.framework */ = {isa = PBXFileReference; explicitFileType = wrapper.framework; includeInIndex = 0; path = Pods_MyMovies.framework; sourceTree = BUILT_PRODUCTS_DIR; };
		DF1C64C5285140C700E51994 /* MovieData.swift */ = {isa = PBXFileReference; lastKnownFileType = sourcecode.swift; path = MovieData.swift; sourceTree = "<group>"; };
		DF40899E284FF47C00D088B5 /* MovieCollectionViewCell.swift */ = {isa = PBXFileReference; lastKnownFileType = sourcecode.swift; path = MovieCollectionViewCell.swift; sourceTree = "<group>"; };
		DF4089A728502D6100D088B5 /* MovieManager.swift */ = {isa = PBXFileReference; lastKnownFileType = sourcecode.swift; path = MovieManager.swift; sourceTree = "<group>"; };
		DF6370CC285AC9E900EE649F /* TabViewController.swift */ = {isa = PBXFileReference; lastKnownFileType = sourcecode.swift; path = TabViewController.swift; sourceTree = "<group>"; };
		DF6370D0285ACA2B00EE649F /* FavoritesViewController.swift */ = {isa = PBXFileReference; lastKnownFileType = sourcecode.swift; path = FavoritesViewController.swift; sourceTree = "<group>"; };
		DF82207C28733E2800A1BFDC /* TrailerManager.swift */ = {isa = PBXFileReference; lastKnownFileType = sourcecode.swift; path = TrailerManager.swift; sourceTree = "<group>"; };
		DF82207E28733FC600A1BFDC /* TrailerData.swift */ = {isa = PBXFileReference; lastKnownFileType = sourcecode.swift; path = TrailerData.swift; sourceTree = "<group>"; };
		DF8CDEAF285A5A8D0006D6E6 /* MovieCollectionView.swift */ = {isa = PBXFileReference; lastKnownFileType = sourcecode.swift; path = MovieCollectionView.swift; sourceTree = "<group>"; };
		DF8CDEB7285A786C0006D6E6 /* LoadingReusableView.swift */ = {isa = PBXFileReference; lastKnownFileType = sourcecode.swift; path = LoadingReusableView.swift; sourceTree = "<group>"; };
		DF8CDEB8285A786C0006D6E6 /* LoadingReusableView.xib */ = {isa = PBXFileReference; lastKnownFileType = file.xib; path = LoadingReusableView.xib; sourceTree = "<group>"; };
		DF92D082288330C7004D5C16 /* GoogleService-Info.plist */ = {isa = PBXFileReference; fileEncoding = 4; lastKnownFileType = text.plist.xml; path = "GoogleService-Info.plist"; sourceTree = "<group>"; };
		DF92D08528833D42004D5C16 /* WelcomeViewController.swift */ = {isa = PBXFileReference; lastKnownFileType = sourcecode.swift; path = WelcomeViewController.swift; sourceTree = "<group>"; };
		DF92D08628833D42004D5C16 /* WelcomeViewController.xib */ = {isa = PBXFileReference; lastKnownFileType = file.xib; path = WelcomeViewController.xib; sourceTree = "<group>"; };
		DF92D08E2883426F004D5C16 /* RegisterViewController.swift */ = {isa = PBXFileReference; lastKnownFileType = sourcecode.swift; path = RegisterViewController.swift; sourceTree = "<group>"; };
		DF92D08F2883426F004D5C16 /* RegisterViewController.xib */ = {isa = PBXFileReference; lastKnownFileType = file.xib; path = RegisterViewController.xib; sourceTree = "<group>"; };
		DF92D09328835509004D5C16 /* LoginViewController.swift */ = {isa = PBXFileReference; lastKnownFileType = sourcecode.swift; path = LoginViewController.swift; sourceTree = "<group>"; };
		DF92D09428835509004D5C16 /* LoginViewController.xib */ = {isa = PBXFileReference; lastKnownFileType = file.xib; path = LoginViewController.xib; sourceTree = "<group>"; };
		DFA8EE49284AE453000E5A39 /* MyMovies.app */ = {isa = PBXFileReference; explicitFileType = wrapper.application; includeInIndex = 0; path = MyMovies.app; sourceTree = BUILT_PRODUCTS_DIR; };
		DFA8EE4C284AE453000E5A39 /* AppDelegate.swift */ = {isa = PBXFileReference; lastKnownFileType = sourcecode.swift; path = AppDelegate.swift; sourceTree = "<group>"; };
		DFA8EE4E284AE453000E5A39 /* SceneDelegate.swift */ = {isa = PBXFileReference; lastKnownFileType = sourcecode.swift; path = SceneDelegate.swift; sourceTree = "<group>"; };
		DFA8EE50284AE453000E5A39 /* MovieListViewController.swift */ = {isa = PBXFileReference; lastKnownFileType = sourcecode.swift; path = MovieListViewController.swift; sourceTree = "<group>"; };
		DFA8EE55284AE458000E5A39 /* Assets.xcassets */ = {isa = PBXFileReference; lastKnownFileType = folder.assetcatalog; path = Assets.xcassets; sourceTree = "<group>"; };
		DFA8EE58284AE458000E5A39 /* Base */ = {isa = PBXFileReference; lastKnownFileType = file.storyboard; name = Base; path = Base.lproj/LaunchScreen.storyboard; sourceTree = "<group>"; };
		DFA8EE5A284AE458000E5A39 /* Info.plist */ = {isa = PBXFileReference; lastKnownFileType = text.plist.xml; path = Info.plist; sourceTree = "<group>"; };
		DFAD014D286CDB8800630C13 /* MovieDAO.swift */ = {isa = PBXFileReference; lastKnownFileType = sourcecode.swift; path = MovieDAO.swift; sourceTree = "<group>"; };
		DFAD014F286E1F4A00630C13 /* StreamManager.swift */ = {isa = PBXFileReference; lastKnownFileType = sourcecode.swift; path = StreamManager.swift; sourceTree = "<group>"; };
		DFAD0151286E1F6400630C13 /* StreamData.swift */ = {isa = PBXFileReference; lastKnownFileType = sourcecode.swift; path = StreamData.swift; sourceTree = "<group>"; };
		DFAD0153286E2DA700630C13 /* SelectedMovieViewController.swift */ = {isa = PBXFileReference; lastKnownFileType = sourcecode.swift; path = SelectedMovieViewController.swift; sourceTree = "<group>"; };
		DFAD0155286E314100630C13 /* SelectedMovieView.swift */ = {isa = PBXFileReference; lastKnownFileType = sourcecode.swift; path = SelectedMovieView.swift; sourceTree = "<group>"; };
		DFEBFE742864E07500ED07B4 /* TableViewCell.swift */ = {isa = PBXFileReference; lastKnownFileType = sourcecode.swift; path = TableViewCell.swift; sourceTree = "<group>"; };
		DFFF90392874966100818508 /* MovieListViewModel.swift */ = {isa = PBXFileReference; lastKnownFileType = sourcecode.swift; path = MovieListViewModel.swift; sourceTree = "<group>"; };
		DFFF904328749FA900818508 /* FavoriteMoviesViewModel.swift */ = {isa = PBXFileReference; lastKnownFileType = sourcecode.swift; path = FavoriteMoviesViewModel.swift; sourceTree = "<group>"; };
		DFFF90462874A6D600818508 /* SelectedMovieViewModel.swift */ = {isa = PBXFileReference; lastKnownFileType = sourcecode.swift; path = SelectedMovieViewModel.swift; sourceTree = "<group>"; };
/* End PBXFileReference section */

/* Begin PBXFrameworksBuildPhase section */
		51BA23B5288F70F600888BDA /* Frameworks */ = {
			isa = PBXFrameworksBuildPhase;
			buildActionMask = 2147483647;
			files = (
			);
			runOnlyForDeploymentPostprocessing = 0;
		};
		DFA8EE46284AE453000E5A39 /* Frameworks */ = {
			isa = PBXFrameworksBuildPhase;
			buildActionMask = 2147483647;
			files = (
				5DEC8A016DA5C1791ECC548A /* Pods_MyMovies.framework in Frameworks */,
			);
			runOnlyForDeploymentPostprocessing = 0;
		};
/* End PBXFrameworksBuildPhase section */

/* Begin PBXGroup section */
		2DCFA7DB8B8FA4BEF78AC75C /* Pods */ = {
			isa = PBXGroup;
			children = (
				770BEBB356423B7516A92329 /* Pods-MyMovies.debug.xcconfig */,
				99F0D191969BF204F0D9A0D7 /* Pods-MyMovies.release.xcconfig */,
			);
			path = Pods;
			sourceTree = "<group>";
		};
		5195160A288F69DD00C4D9F1 /* Unit Tests */ = {
			isa = PBXGroup;
			children = (
			);
			path = "Unit Tests";
			sourceTree = "<group>";
		};
		51BA23B9288F70F600888BDA /* MyMoviesTests */ = {
			isa = PBXGroup;
			children = (
				51BA23BA288F70F600888BDA /* MyMoviesTests.swift */,
				5195160D288F6A9900C4D9F1 /* MovieListViewModelTests.swift */,
				51BA23C2288F761100888BDA /* MockMovieManager.swift */,
			);
			path = MyMoviesTests;
			sourceTree = "<group>";
		};
		696817FED638537A0EEDFBD4 /* Frameworks */ = {
			isa = PBXGroup;
			children = (
				D0EA03D0641BE7A92AE144DB /* Pods_MyMovies.framework */,
			);
			name = Frameworks;
			sourceTree = "<group>";
		};
		DF4089A628502D4A00D088B5 /* Model */ = {
			isa = PBXGroup;
			children = (
				DF82207828733C0F00A1BFDC /* Movie Model */,
				DF82207B28733E0A00A1BFDC /* Trailer Model */,
				DF82207928733C1D00A1BFDC /* Stream Model */,
			);
			path = Model;
			sourceTree = "<group>";
		};
		DF822075287310CA00A1BFDC /* View */ = {
			isa = PBXGroup;
			children = (
				DF8CDEAF285A5A8D0006D6E6 /* MovieCollectionView.swift */,
				DF40899E284FF47C00D088B5 /* MovieCollectionViewCell.swift */,
				DF8CDEB7285A786C0006D6E6 /* LoadingReusableView.swift */,
				DF8CDEB8285A786C0006D6E6 /* LoadingReusableView.xib */,
			);
			path = View;
			sourceTree = "<group>";
		};
		DF8220762873116700A1BFDC /* View */ = {
			isa = PBXGroup;
			children = (
				DFEBFE742864E07500ED07B4 /* TableViewCell.swift */,
			);
			path = View;
			sourceTree = "<group>";
		};
		DF8220772873117800A1BFDC /* View */ = {
			isa = PBXGroup;
			children = (
				DFAD0155286E314100630C13 /* SelectedMovieView.swift */,
			);
			path = View;
			sourceTree = "<group>";
		};
		DF82207828733C0F00A1BFDC /* Movie Model */ = {
			isa = PBXGroup;
			children = (
				DF4089A728502D6100D088B5 /* MovieManager.swift */,
				DF1C64C5285140C700E51994 /* MovieData.swift */,
				DFAD014D286CDB8800630C13 /* MovieDAO.swift */,
			);
			path = "Movie Model";
			sourceTree = "<group>";
		};
		DF82207928733C1D00A1BFDC /* Stream Model */ = {
			isa = PBXGroup;
			children = (
				DFAD014F286E1F4A00630C13 /* StreamManager.swift */,
				DFAD0151286E1F6400630C13 /* StreamData.swift */,
			);
			path = "Stream Model";
			sourceTree = "<group>";
		};
		DF82207B28733E0A00A1BFDC /* Trailer Model */ = {
			isa = PBXGroup;
			children = (
				DF82207C28733E2800A1BFDC /* TrailerManager.swift */,
				DF82207E28733FC600A1BFDC /* TrailerData.swift */,
			);
			path = "Trailer Model";
			sourceTree = "<group>";
		};
		DF92D08428833CF7004D5C16 /* Welcome */ = {
			isa = PBXGroup;
			children = (
				DF92D08B288341E0004D5C16 /* View */,
				DF92D08A288341C6004D5C16 /* Controller */,
			);
			path = Welcome;
			sourceTree = "<group>";
		};
		DF92D08928833D58004D5C16 /* Controller */ = {
			isa = PBXGroup;
			children = (
				DF6370CC285AC9E900EE649F /* TabViewController.swift */,
			);
			path = Controller;
			sourceTree = "<group>";
		};
		DF92D08A288341C6004D5C16 /* Controller */ = {
			isa = PBXGroup;
			children = (
				DF92D08528833D42004D5C16 /* WelcomeViewController.swift */,
			);
			path = Controller;
			sourceTree = "<group>";
		};
		DF92D08B288341E0004D5C16 /* View */ = {
			isa = PBXGroup;
			children = (
				DF92D08628833D42004D5C16 /* WelcomeViewController.xib */,
			);
			path = View;
			sourceTree = "<group>";
		};
		DF92D08C288341FA004D5C16 /* Register */ = {
			isa = PBXGroup;
			children = (
				DF92D08E2883426F004D5C16 /* RegisterViewController.swift */,
				DF92D08F2883426F004D5C16 /* RegisterViewController.xib */,
			);
			path = Register;
			sourceTree = "<group>";
		};
		DF92D08D28834207004D5C16 /* Login */ = {
			isa = PBXGroup;
			children = (
				DF92D09328835509004D5C16 /* LoginViewController.swift */,
				DF92D09428835509004D5C16 /* LoginViewController.xib */,
			);
			path = Login;
			sourceTree = "<group>";
		};
		DFA8EE40284AE453000E5A39 = {
			isa = PBXGroup;
			children = (
				DFA8EE4B284AE453000E5A39 /* MyMovies */,
				51BA23B9288F70F600888BDA /* MyMoviesTests */,
				DFA8EE4A284AE453000E5A39 /* Products */,
				2DCFA7DB8B8FA4BEF78AC75C /* Pods */,
				696817FED638537A0EEDFBD4 /* Frameworks */,
			);
			sourceTree = "<group>";
		};
		DFA8EE4A284AE453000E5A39 /* Products */ = {
			isa = PBXGroup;
			children = (
				DFA8EE49284AE453000E5A39 /* MyMovies.app */,
				51BA23B8288F70F600888BDA /* MyMoviesTests.xctest */,
			);
			name = Products;
			sourceTree = "<group>";
		};
		DFA8EE4B284AE453000E5A39 /* MyMovies */ = {
			isa = PBXGroup;
			children = (
				DFA8EE5A284AE458000E5A39 /* Info.plist */,
				DF92D082288330C7004D5C16 /* GoogleService-Info.plist */,
				DFA8EE60284AE674000E5A39 /* Resources */,
				DFA8EE62284AE716000E5A39 /* App */,
				5195160A288F69DD00C4D9F1 /* Unit Tests */,
			);
			path = MyMovies;
			sourceTree = "<group>";
		};
		DFA8EE60284AE674000E5A39 /* Resources */ = {
			isa = PBXGroup;
			children = (
				DFA8EE4C284AE453000E5A39 /* AppDelegate.swift */,
				DFA8EE4E284AE453000E5A39 /* SceneDelegate.swift */,
				DFA8EE55284AE458000E5A39 /* Assets.xcassets */,
				DFA8EE57284AE458000E5A39 /* LaunchScreen.storyboard */,
			);
			path = Resources;
			sourceTree = "<group>";
		};
		DFA8EE61284AE693000E5A39 /* TabView */ = {
			isa = PBXGroup;
			children = (
				DF92D08928833D58004D5C16 /* Controller */,
			);
			path = TabView;
			sourceTree = "<group>";
		};
		DFA8EE62284AE716000E5A39 /* App */ = {
			isa = PBXGroup;
			children = (
				DF4089A628502D4A00D088B5 /* Model */,
				DF92D08428833CF7004D5C16 /* Welcome */,
				DF92D08C288341FA004D5C16 /* Register */,
				DF92D08D28834207004D5C16 /* Login */,
				DFA8EE61284AE693000E5A39 /* TabView */,
				DFFF9038287495D900818508 /* Movie List */,
				DFFF903C28749E6500818508 /* Selected Movie */,
				DFFF903B28749BD200818508 /* Favorite Movies */,
			);
			path = App;
			sourceTree = "<group>";
		};
		DFFF9038287495D900818508 /* Movie List */ = {
			isa = PBXGroup;
			children = (
				DFFF903E28749F1D00818508 /* ViewModel */,
				DFFF903D28749F0700818508 /* Controller */,
				DF822075287310CA00A1BFDC /* View */,
			);
			path = "Movie List";
			sourceTree = "<group>";
		};
		DFFF903B28749BD200818508 /* Favorite Movies */ = {
			isa = PBXGroup;
			children = (
				DFFF904228749F8D00818508 /* ViewModel */,
				DFFF904028749F5B00818508 /* Controller */,
				DF8220762873116700A1BFDC /* View */,
			);
			path = "Favorite Movies";
			sourceTree = "<group>";
		};
		DFFF903C28749E6500818508 /* Selected Movie */ = {
			isa = PBXGroup;
			children = (
				DFFF904128749F7D00818508 /* ViewModel */,
				DFFF903F28749F4100818508 /* Controller */,
				DF8220772873117800A1BFDC /* View */,
			);
			path = "Selected Movie";
			sourceTree = "<group>";
		};
		DFFF903D28749F0700818508 /* Controller */ = {
			isa = PBXGroup;
			children = (
				DFA8EE50284AE453000E5A39 /* MovieListViewController.swift */,
			);
			path = Controller;
			sourceTree = "<group>";
		};
		DFFF903E28749F1D00818508 /* ViewModel */ = {
			isa = PBXGroup;
			children = (
				DFFF90392874966100818508 /* MovieListViewModel.swift */,
			);
			path = ViewModel;
			sourceTree = "<group>";
		};
		DFFF903F28749F4100818508 /* Controller */ = {
			isa = PBXGroup;
			children = (
				DFAD0153286E2DA700630C13 /* SelectedMovieViewController.swift */,
			);
			path = Controller;
			sourceTree = "<group>";
		};
		DFFF904028749F5B00818508 /* Controller */ = {
			isa = PBXGroup;
			children = (
				DF6370D0285ACA2B00EE649F /* FavoritesViewController.swift */,
			);
			path = Controller;
			sourceTree = "<group>";
		};
		DFFF904128749F7D00818508 /* ViewModel */ = {
			isa = PBXGroup;
			children = (
				DFFF90462874A6D600818508 /* SelectedMovieViewModel.swift */,
			);
			path = ViewModel;
			sourceTree = "<group>";
		};
		DFFF904228749F8D00818508 /* ViewModel */ = {
			isa = PBXGroup;
			children = (
				DFFF904328749FA900818508 /* FavoriteMoviesViewModel.swift */,
			);
			path = ViewModel;
			sourceTree = "<group>";
		};
/* End PBXGroup section */

/* Begin PBXNativeTarget section */
		51BA23B7288F70F600888BDA /* MyMoviesTests */ = {
			isa = PBXNativeTarget;
			buildConfigurationList = 51BA23C0288F70F600888BDA /* Build configuration list for PBXNativeTarget "MyMoviesTests" */;
			buildPhases = (
				51BA23B4288F70F600888BDA /* Sources */,
				51BA23B5288F70F600888BDA /* Frameworks */,
				51BA23B6288F70F600888BDA /* Resources */,
			);
			buildRules = (
			);
			dependencies = (
				51BA23BD288F70F600888BDA /* PBXTargetDependency */,
			);
			name = MyMoviesTests;
			productName = MyMoviesTests;
			productReference = 51BA23B8288F70F600888BDA /* MyMoviesTests.xctest */;
			productType = "com.apple.product-type.bundle.unit-test";
		};
		DFA8EE48284AE453000E5A39 /* MyMovies */ = {
			isa = PBXNativeTarget;
			buildConfigurationList = DFA8EE5D284AE458000E5A39 /* Build configuration list for PBXNativeTarget "MyMovies" */;
			buildPhases = (
				4F1E4C3397B48A67FEB9EECE /* [CP] Check Pods Manifest.lock */,
				DFA8EE45284AE453000E5A39 /* Sources */,
				DFA8EE46284AE453000E5A39 /* Frameworks */,
				DFA8EE47284AE453000E5A39 /* Resources */,
				61A471475C23AAF3196B5C0E /* [CP] Embed Pods Frameworks */,
			);
			buildRules = (
			);
			dependencies = (
			);
			name = MyMovies;
			productName = MyMovies;
			productReference = DFA8EE49284AE453000E5A39 /* MyMovies.app */;
			productType = "com.apple.product-type.application";
		};
/* End PBXNativeTarget section */

/* Begin PBXProject section */
		DFA8EE41284AE453000E5A39 /* Project object */ = {
			isa = PBXProject;
			attributes = {
				BuildIndependentTargetsInParallel = 1;
				LastSwiftUpdateCheck = 1320;
				LastUpgradeCheck = 1320;
				TargetAttributes = {
					51BA23B7288F70F600888BDA = {
						CreatedOnToolsVersion = 13.2.1;
						TestTargetID = DFA8EE48284AE453000E5A39;
					};
					DFA8EE48284AE453000E5A39 = {
						CreatedOnToolsVersion = 13.2.1;
					};
				};
			};
			buildConfigurationList = DFA8EE44284AE453000E5A39 /* Build configuration list for PBXProject "MyMovies" */;
			compatibilityVersion = "Xcode 13.0";
			developmentRegion = en;
			hasScannedForEncodings = 0;
			knownRegions = (
				en,
				Base,
			);
			mainGroup = DFA8EE40284AE453000E5A39;
			productRefGroup = DFA8EE4A284AE453000E5A39 /* Products */;
			projectDirPath = "";
			projectRoot = "";
			targets = (
				DFA8EE48284AE453000E5A39 /* MyMovies */,
				51BA23B7288F70F600888BDA /* MyMoviesTests */,
			);
		};
/* End PBXProject section */

/* Begin PBXResourcesBuildPhase section */
		51BA23B6288F70F600888BDA /* Resources */ = {
			isa = PBXResourcesBuildPhase;
			buildActionMask = 2147483647;
			files = (
			);
			runOnlyForDeploymentPostprocessing = 0;
		};
		DFA8EE47284AE453000E5A39 /* Resources */ = {
			isa = PBXResourcesBuildPhase;
			buildActionMask = 2147483647;
			files = (
				DF92D08828833D42004D5C16 /* WelcomeViewController.xib in Resources */,
				DFA8EE59284AE458000E5A39 /* LaunchScreen.storyboard in Resources */,
				DF92D083288330C7004D5C16 /* GoogleService-Info.plist in Resources */,
				DF8CDEBA285A786C0006D6E6 /* LoadingReusableView.xib in Resources */,
				DFA8EE56284AE458000E5A39 /* Assets.xcassets in Resources */,
				DF92D09628835509004D5C16 /* LoginViewController.xib in Resources */,
				DF92D0912883426F004D5C16 /* RegisterViewController.xib in Resources */,
			);
			runOnlyForDeploymentPostprocessing = 0;
		};
/* End PBXResourcesBuildPhase section */

/* Begin PBXShellScriptBuildPhase section */
		4F1E4C3397B48A67FEB9EECE /* [CP] Check Pods Manifest.lock */ = {
			isa = PBXShellScriptBuildPhase;
			buildActionMask = 2147483647;
			files = (
			);
			inputFileListPaths = (
			);
			inputPaths = (
				"${PODS_PODFILE_DIR_PATH}/Podfile.lock",
				"${PODS_ROOT}/Manifest.lock",
			);
			name = "[CP] Check Pods Manifest.lock";
			outputFileListPaths = (
			);
			outputPaths = (
				"$(DERIVED_FILE_DIR)/Pods-MyMovies-checkManifestLockResult.txt",
			);
			runOnlyForDeploymentPostprocessing = 0;
			shellPath = /bin/sh;
			shellScript = "diff \"${PODS_PODFILE_DIR_PATH}/Podfile.lock\" \"${PODS_ROOT}/Manifest.lock\" > /dev/null\nif [ $? != 0 ] ; then\n    # print error to STDERR\n    echo \"error: The sandbox is not in sync with the Podfile.lock. Run 'pod install' or update your CocoaPods installation.\" >&2\n    exit 1\nfi\n# This output is used by Xcode 'outputs' to avoid re-running this script phase.\necho \"SUCCESS\" > \"${SCRIPT_OUTPUT_FILE_0}\"\n";
			showEnvVarsInLog = 0;
		};
		61A471475C23AAF3196B5C0E /* [CP] Embed Pods Frameworks */ = {
			isa = PBXShellScriptBuildPhase;
			buildActionMask = 2147483647;
			files = (
			);
			inputFileListPaths = (
				"${PODS_ROOT}/Target Support Files/Pods-MyMovies/Pods-MyMovies-frameworks-${CONFIGURATION}-input-files.xcfilelist",
			);
			name = "[CP] Embed Pods Frameworks";
			outputFileListPaths = (
				"${PODS_ROOT}/Target Support Files/Pods-MyMovies/Pods-MyMovies-frameworks-${CONFIGURATION}-output-files.xcfilelist",
			);
			runOnlyForDeploymentPostprocessing = 0;
			shellPath = /bin/sh;
			shellScript = "\"${PODS_ROOT}/Target Support Files/Pods-MyMovies/Pods-MyMovies-frameworks.sh\"\n";
			showEnvVarsInLog = 0;
		};
/* End PBXShellScriptBuildPhase section */

/* Begin PBXSourcesBuildPhase section */
		51BA23B4288F70F600888BDA /* Sources */ = {
			isa = PBXSourcesBuildPhase;
			buildActionMask = 2147483647;
			files = (
				51BA23BB288F70F600888BDA /* MyMoviesTests.swift in Sources */,
				51BA23C3288F761100888BDA /* MockMovieManager.swift in Sources */,
				51BA23C1288F710400888BDA /* MovieListViewModelTests.swift in Sources */,
			);
			runOnlyForDeploymentPostprocessing = 0;
		};
		DFA8EE45284AE453000E5A39 /* Sources */ = {
			isa = PBXSourcesBuildPhase;
			buildActionMask = 2147483647;
			files = (
				DFAD0152286E1F6400630C13 /* StreamData.swift in Sources */,
				DFA8EE51284AE453000E5A39 /* MovieListViewController.swift in Sources */,
				DF8CDEB9285A786C0006D6E6 /* LoadingReusableView.swift in Sources */,
				DFAD0150286E1F4A00630C13 /* StreamManager.swift in Sources */,
				DF4089A828502D6100D088B5 /* MovieManager.swift in Sources */,
				DF1C64C6285140C700E51994 /* MovieData.swift in Sources */,
				DF8CDEB0285A5A8D0006D6E6 /* MovieCollectionView.swift in Sources */,
				DF6370D1285ACA2B00EE649F /* FavoritesViewController.swift in Sources */,
				DFAD014E286CDB8800630C13 /* MovieDAO.swift in Sources */,
				DF40899F284FF47C00D088B5 /* MovieCollectionViewCell.swift in Sources */,
				DF82207F28733FC600A1BFDC /* TrailerData.swift in Sources */,
				DFFF904428749FA900818508 /* FavoriteMoviesViewModel.swift in Sources */,
				DF92D09528835509004D5C16 /* LoginViewController.swift in Sources */,
				DFA8EE4D284AE453000E5A39 /* AppDelegate.swift in Sources */,
				DF92D08728833D42004D5C16 /* WelcomeViewController.swift in Sources */,
				DF92D0902883426F004D5C16 /* RegisterViewController.swift in Sources */,
				DFAD0154286E2DA700630C13 /* SelectedMovieViewController.swift in Sources */,
				DF82207D28733E2800A1BFDC /* TrailerManager.swift in Sources */,
				DFAD0156286E314100630C13 /* SelectedMovieView.swift in Sources */,
				DFEBFE752864E07500ED07B4 /* TableViewCell.swift in Sources */,
				DF6370CD285AC9E900EE649F /* TabViewController.swift in Sources */,
				DFFF90472874A6D600818508 /* SelectedMovieViewModel.swift in Sources */,
				DFA8EE4F284AE453000E5A39 /* SceneDelegate.swift in Sources */,
				DFFF903A2874966100818508 /* MovieListViewModel.swift in Sources */,
			);
			runOnlyForDeploymentPostprocessing = 0;
		};
/* End PBXSourcesBuildPhase section */

/* Begin PBXTargetDependency section */
		51BA23BD288F70F600888BDA /* PBXTargetDependency */ = {
			isa = PBXTargetDependency;
			target = DFA8EE48284AE453000E5A39 /* MyMovies */;
			targetProxy = 51BA23BC288F70F600888BDA /* PBXContainerItemProxy */;
		};
/* End PBXTargetDependency section */

/* Begin PBXVariantGroup section */
		DFA8EE57284AE458000E5A39 /* LaunchScreen.storyboard */ = {
			isa = PBXVariantGroup;
			children = (
				DFA8EE58284AE458000E5A39 /* Base */,
			);
			name = LaunchScreen.storyboard;
			sourceTree = "<group>";
		};
/* End PBXVariantGroup section */

/* Begin XCBuildConfiguration section */
		51BA23BE288F70F600888BDA /* Debug */ = {
			isa = XCBuildConfiguration;
			buildSettings = {
				BUNDLE_LOADER = "$(TEST_HOST)";
				CODE_SIGN_STYLE = Automatic;
				CURRENT_PROJECT_VERSION = 1;
				GENERATE_INFOPLIST_FILE = YES;
				MARKETING_VERSION = 1.0;
				PRODUCT_BUNDLE_IDENTIFIER = test.MyMoviesTests;
				PRODUCT_NAME = "$(TARGET_NAME)";
				SWIFT_EMIT_LOC_STRINGS = NO;
				SWIFT_VERSION = 5.0;
				TARGETED_DEVICE_FAMILY = "1,2";
				TEST_HOST = "$(BUILT_PRODUCTS_DIR)/MyMovies.app/MyMovies";
			};
			name = Debug;
		};
		51BA23BF288F70F600888BDA /* Release */ = {
			isa = XCBuildConfiguration;
			buildSettings = {
				BUNDLE_LOADER = "$(TEST_HOST)";
				CODE_SIGN_STYLE = Automatic;
				CURRENT_PROJECT_VERSION = 1;
				GENERATE_INFOPLIST_FILE = YES;
				MARKETING_VERSION = 1.0;
				PRODUCT_BUNDLE_IDENTIFIER = test.MyMoviesTests;
				PRODUCT_NAME = "$(TARGET_NAME)";
				SWIFT_EMIT_LOC_STRINGS = NO;
				SWIFT_VERSION = 5.0;
				TARGETED_DEVICE_FAMILY = "1,2";
				TEST_HOST = "$(BUILT_PRODUCTS_DIR)/MyMovies.app/MyMovies";
			};
			name = Release;
		};
		DFA8EE5B284AE458000E5A39 /* Debug */ = {
			isa = XCBuildConfiguration;
			buildSettings = {
				ALWAYS_SEARCH_USER_PATHS = NO;
				CLANG_ANALYZER_NONNULL = YES;
				CLANG_ANALYZER_NUMBER_OBJECT_CONVERSION = YES_AGGRESSIVE;
				CLANG_CXX_LANGUAGE_STANDARD = "gnu++17";
				CLANG_CXX_LIBRARY = "libc++";
				CLANG_ENABLE_MODULES = YES;
				CLANG_ENABLE_OBJC_ARC = YES;
				CLANG_ENABLE_OBJC_WEAK = YES;
				CLANG_WARN_BLOCK_CAPTURE_AUTORELEASING = YES;
				CLANG_WARN_BOOL_CONVERSION = YES;
				CLANG_WARN_COMMA = YES;
				CLANG_WARN_CONSTANT_CONVERSION = YES;
				CLANG_WARN_DEPRECATED_OBJC_IMPLEMENTATIONS = YES;
				CLANG_WARN_DIRECT_OBJC_ISA_USAGE = YES_ERROR;
				CLANG_WARN_DOCUMENTATION_COMMENTS = YES;
				CLANG_WARN_EMPTY_BODY = YES;
				CLANG_WARN_ENUM_CONVERSION = YES;
				CLANG_WARN_INFINITE_RECURSION = YES;
				CLANG_WARN_INT_CONVERSION = YES;
				CLANG_WARN_NON_LITERAL_NULL_CONVERSION = YES;
				CLANG_WARN_OBJC_IMPLICIT_RETAIN_SELF = YES;
				CLANG_WARN_OBJC_LITERAL_CONVERSION = YES;
				CLANG_WARN_OBJC_ROOT_CLASS = YES_ERROR;
				CLANG_WARN_QUOTED_INCLUDE_IN_FRAMEWORK_HEADER = YES;
				CLANG_WARN_RANGE_LOOP_ANALYSIS = YES;
				CLANG_WARN_STRICT_PROTOTYPES = YES;
				CLANG_WARN_SUSPICIOUS_MOVE = YES;
				CLANG_WARN_UNGUARDED_AVAILABILITY = YES_AGGRESSIVE;
				CLANG_WARN_UNREACHABLE_CODE = YES;
				CLANG_WARN__DUPLICATE_METHOD_MATCH = YES;
				COPY_PHASE_STRIP = NO;
				DEBUG_INFORMATION_FORMAT = dwarf;
				ENABLE_STRICT_OBJC_MSGSEND = YES;
				ENABLE_TESTABILITY = YES;
				ENABLE_TESTING_SEARCH_PATHS = YES;
				GCC_C_LANGUAGE_STANDARD = gnu11;
				GCC_DYNAMIC_NO_PIC = NO;
				GCC_GENERATE_TEST_COVERAGE_FILES = YES;
				GCC_NO_COMMON_BLOCKS = YES;
				GCC_OPTIMIZATION_LEVEL = 0;
				GCC_PREPROCESSOR_DEFINITIONS = (
					"DEBUG=1",
					"$(inherited)",
				);
				GCC_WARN_64_TO_32_BIT_CONVERSION = YES;
				GCC_WARN_ABOUT_RETURN_TYPE = YES_ERROR;
				GCC_WARN_UNDECLARED_SELECTOR = YES;
				GCC_WARN_UNINITIALIZED_AUTOS = YES_AGGRESSIVE;
				GCC_WARN_UNUSED_FUNCTION = YES;
				GCC_WARN_UNUSED_VARIABLE = YES;
				IPHONEOS_DEPLOYMENT_TARGET = 15.2;
				MTL_ENABLE_DEBUG_INFO = INCLUDE_SOURCE;
				MTL_FAST_MATH = YES;
				ONLY_ACTIVE_ARCH = YES;
				SDKROOT = iphoneos;
				SWIFT_ACTIVE_COMPILATION_CONDITIONS = DEBUG;
				SWIFT_OPTIMIZATION_LEVEL = "-Onone";
			};
			name = Debug;
		};
		DFA8EE5C284AE458000E5A39 /* Release */ = {
			isa = XCBuildConfiguration;
			buildSettings = {
				ALWAYS_SEARCH_USER_PATHS = NO;
				CLANG_ANALYZER_NONNULL = YES;
				CLANG_ANALYZER_NUMBER_OBJECT_CONVERSION = YES_AGGRESSIVE;
				CLANG_CXX_LANGUAGE_STANDARD = "gnu++17";
				CLANG_CXX_LIBRARY = "libc++";
				CLANG_ENABLE_MODULES = YES;
				CLANG_ENABLE_OBJC_ARC = YES;
				CLANG_ENABLE_OBJC_WEAK = YES;
				CLANG_WARN_BLOCK_CAPTURE_AUTORELEASING = YES;
				CLANG_WARN_BOOL_CONVERSION = YES;
				CLANG_WARN_COMMA = YES;
				CLANG_WARN_CONSTANT_CONVERSION = YES;
				CLANG_WARN_DEPRECATED_OBJC_IMPLEMENTATIONS = YES;
				CLANG_WARN_DIRECT_OBJC_ISA_USAGE = YES_ERROR;
				CLANG_WARN_DOCUMENTATION_COMMENTS = YES;
				CLANG_WARN_EMPTY_BODY = YES;
				CLANG_WARN_ENUM_CONVERSION = YES;
				CLANG_WARN_INFINITE_RECURSION = YES;
				CLANG_WARN_INT_CONVERSION = YES;
				CLANG_WARN_NON_LITERAL_NULL_CONVERSION = YES;
				CLANG_WARN_OBJC_IMPLICIT_RETAIN_SELF = YES;
				CLANG_WARN_OBJC_LITERAL_CONVERSION = YES;
				CLANG_WARN_OBJC_ROOT_CLASS = YES_ERROR;
				CLANG_WARN_QUOTED_INCLUDE_IN_FRAMEWORK_HEADER = YES;
				CLANG_WARN_RANGE_LOOP_ANALYSIS = YES;
				CLANG_WARN_STRICT_PROTOTYPES = YES;
				CLANG_WARN_SUSPICIOUS_MOVE = YES;
				CLANG_WARN_UNGUARDED_AVAILABILITY = YES_AGGRESSIVE;
				CLANG_WARN_UNREACHABLE_CODE = YES;
				CLANG_WARN__DUPLICATE_METHOD_MATCH = YES;
				COPY_PHASE_STRIP = NO;
				DEBUG_INFORMATION_FORMAT = "dwarf-with-dsym";
				ENABLE_NS_ASSERTIONS = NO;
				ENABLE_STRICT_OBJC_MSGSEND = YES;
				ENABLE_TESTABILITY = YES;
				ENABLE_TESTING_SEARCH_PATHS = YES;
				GCC_C_LANGUAGE_STANDARD = gnu11;
				GCC_GENERATE_TEST_COVERAGE_FILES = YES;
				GCC_NO_COMMON_BLOCKS = YES;
				GCC_WARN_64_TO_32_BIT_CONVERSION = YES;
				GCC_WARN_ABOUT_RETURN_TYPE = YES_ERROR;
				GCC_WARN_UNDECLARED_SELECTOR = YES;
				GCC_WARN_UNINITIALIZED_AUTOS = YES_AGGRESSIVE;
				GCC_WARN_UNUSED_FUNCTION = YES;
				GCC_WARN_UNUSED_VARIABLE = YES;
				IPHONEOS_DEPLOYMENT_TARGET = 15.2;
				MTL_ENABLE_DEBUG_INFO = NO;
				MTL_FAST_MATH = YES;
				SDKROOT = iphoneos;
				SWIFT_COMPILATION_MODE = wholemodule;
				SWIFT_OPTIMIZATION_LEVEL = "-O";
				VALIDATE_PRODUCT = YES;
			};
			name = Release;
		};
		DFA8EE5E284AE458000E5A39 /* Debug */ = {
			isa = XCBuildConfiguration;
			baseConfigurationReference = 770BEBB356423B7516A92329 /* Pods-MyMovies.debug.xcconfig */;
			buildSettings = {
				ASSETCATALOG_COMPILER_APPICON_NAME = AppIcon;
				ASSETCATALOG_COMPILER_GLOBAL_ACCENT_COLOR_NAME = AccentColor;
				CODE_SIGN_STYLE = Automatic;
				CURRENT_PROJECT_VERSION = 1;
				DEVELOPMENT_TEAM = VM8P3R69AQ;
				ENABLE_TESTING_SEARCH_PATHS = YES;
				GENERATE_INFOPLIST_FILE = YES;
				INFOPLIST_FILE = MyMovies/Info.plist;
				INFOPLIST_KEY_UIApplicationSupportsIndirectInputEvents = YES;
				INFOPLIST_KEY_UILaunchStoryboardName = LaunchScreen;
				INFOPLIST_KEY_UISupportedInterfaceOrientations_iPad = "UIInterfaceOrientationPortrait UIInterfaceOrientationPortraitUpsideDown UIInterfaceOrientationLandscapeLeft UIInterfaceOrientationLandscapeRight";
				INFOPLIST_KEY_UISupportedInterfaceOrientations_iPhone = "UIInterfaceOrientationPortrait UIInterfaceOrientationLandscapeLeft UIInterfaceOrientationLandscapeRight";
				IPHONEOS_DEPLOYMENT_TARGET = 15.2;
				LD_RUNPATH_SEARCH_PATHS = (
					"$(inherited)",
					"@executable_path/Frameworks",
				);
				MARKETING_VERSION = 1.0;
				NEW_SETTING = "";
				PRODUCT_BUNDLE_IDENTIFIER = com.gmail.21.souza.andrade.daniel.MyMovies;
				PRODUCT_NAME = "$(TARGET_NAME)";
				SWIFT_EMIT_LOC_STRINGS = YES;
				SWIFT_VERSION = 5.0;
				TARGETED_DEVICE_FAMILY = 1;
			};
			name = Debug;
		};
		DFA8EE5F284AE458000E5A39 /* Release */ = {
			isa = XCBuildConfiguration;
			baseConfigurationReference = 99F0D191969BF204F0D9A0D7 /* Pods-MyMovies.release.xcconfig */;
			buildSettings = {
				ASSETCATALOG_COMPILER_APPICON_NAME = AppIcon;
				ASSETCATALOG_COMPILER_GLOBAL_ACCENT_COLOR_NAME = AccentColor;
				CODE_SIGN_STYLE = Automatic;
				CURRENT_PROJECT_VERSION = 1;
				DEVELOPMENT_TEAM = VM8P3R69AQ;
				ENABLE_TESTING_SEARCH_PATHS = YES;
				GENERATE_INFOPLIST_FILE = YES;
				INFOPLIST_FILE = MyMovies/Info.plist;
				INFOPLIST_KEY_UIApplicationSupportsIndirectInputEvents = YES;
				INFOPLIST_KEY_UILaunchStoryboardName = LaunchScreen;
				INFOPLIST_KEY_UISupportedInterfaceOrientations_iPad = "UIInterfaceOrientationPortrait UIInterfaceOrientationPortraitUpsideDown UIInterfaceOrientationLandscapeLeft UIInterfaceOrientationLandscapeRight";
				INFOPLIST_KEY_UISupportedInterfaceOrientations_iPhone = "UIInterfaceOrientationPortrait UIInterfaceOrientationLandscapeLeft UIInterfaceOrientationLandscapeRight";
				IPHONEOS_DEPLOYMENT_TARGET = 15.2;
				LD_RUNPATH_SEARCH_PATHS = (
					"$(inherited)",
					"@executable_path/Frameworks",
				);
				MARKETING_VERSION = 1.0;
				NEW_SETTING = "";
				PRODUCT_BUNDLE_IDENTIFIER = com.gmail.21.souza.andrade.daniel.MyMovies;
				PRODUCT_NAME = "$(TARGET_NAME)";
				SWIFT_EMIT_LOC_STRINGS = YES;
				SWIFT_VERSION = 5.0;
				TARGETED_DEVICE_FAMILY = 1;
			};
			name = Release;
		};
/* End XCBuildConfiguration section */

/* Begin XCConfigurationList section */
		51BA23C0288F70F600888BDA /* Build configuration list for PBXNativeTarget "MyMoviesTests" */ = {
			isa = XCConfigurationList;
			buildConfigurations = (
				51BA23BE288F70F600888BDA /* Debug */,
				51BA23BF288F70F600888BDA /* Release */,
			);
			defaultConfigurationIsVisible = 0;
			defaultConfigurationName = Debug;
		};
		DFA8EE44284AE453000E5A39 /* Build configuration list for PBXProject "MyMovies" */ = {
			isa = XCConfigurationList;
			buildConfigurations = (
				DFA8EE5B284AE458000E5A39 /* Debug */,
				DFA8EE5C284AE458000E5A39 /* Release */,
			);
			defaultConfigurationIsVisible = 0;
			defaultConfigurationName = Debug;
		};
		DFA8EE5D284AE458000E5A39 /* Build configuration list for PBXNativeTarget "MyMovies" */ = {
			isa = XCConfigurationList;
			buildConfigurations = (
				DFA8EE5E284AE458000E5A39 /* Debug */,
				DFA8EE5F284AE458000E5A39 /* Release */,
			);
			defaultConfigurationIsVisible = 0;
			defaultConfigurationName = Debug;
		};
/* End XCConfigurationList section */
	};
	rootObject = DFA8EE41284AE453000E5A39 /* Project object */;
}
